
Microsoft Visual Studio Solution File, Format Version 12.00
# Visual Studio Version 17
VisualStudioVersion = 17.14.36518.9
MinimumVisualStudioVersion = 10.0.40219.1
Project("{FAE04EC0-301F-11D3-BF4B-00C04F79EFBC}") = "kut_oto", "kut_oto\kut_oto.csproj", "{A8E60A99-BD41-2690-995A-BB3BDCA09F23}"
EndProject
Global
	GlobalSection(SolutionConfigurationPlatforms) = preSolution
		Debug|Any CPU = Debug|Any CPU
		Release|Any CPU = Release|Any CPU
	EndGlobalSection
	GlobalSection(ProjectConfigurationPlatforms) = postSolution
		{A8E60A99-BD41-2690-995A-BB3BDCA09F23}.Debug|Any CPU.ActiveCfg = Debug|Any CPU
		{A8E60A99-BD41-2690-995A-BB3BDCA09F23}.Debug|Any CPU.Build.0 = Debug|Any CPU
		{A8E60A99-BD41-2690-995A-BB3BDCA09F23}.Release|Any CPU.ActiveCfg = Release|Any CPU
		{A8E60A99-BD41-2690-995A-BB3BDCA09F23}.Release|Any CPU.Build.0 = Release|Any CPU
	EndGlobalSection
	GlobalSection(SolutionProperties) = preSolution
		HideSolutionNode = FALSE
	EndGlobalSection
	GlobalSection(ExtensibilityGlobals) = postSolution
		SolutionGuid = {D12AA993-3F68-400A-8BFD-F22614973D21}
	EndGlobalSection
EndGlobal
